
Microsoft Visual Studio Solution File, Format Version 12.00
# Visual Studio Version 16
VisualStudioVersion = 16.0.32002.261
MinimumVisualStudioVersion = 10.0.40219.1
Project("{54435603-DBB4-11D2-8724-00A0C9A8B90C}") = "Setup", "Setup\Setup.vdproj", "{48237948-926D-44D1-BF8C-B6672C4C34A3}"
EndProject
Project("{9A19103F-16F7-4668-BE54-9A1E7A4F7556}") = "SiteCrawlerApp", "SiteCrawlerApp\SiteCrawlerApp.csproj", "{1C37399E-59CB-4B99-BC51-1601EFB25582}"
EndProject
Project("{9A19103F-16F7-4668-BE54-9A1E7A4F7556}") = "NewsWeb", "NewsWeb\NewsWeb.csproj", "{34982C20-D011-4E6B-812E-B767C213A5A0}"
EndProject
Global
	GlobalSection(SolutionConfigurationPlatforms) = preSolution
		Debug|Any CPU = Debug|Any CPU
		Release|Any CPU = Release|Any CPU
	EndGlobalSection
	GlobalSection(ProjectConfigurationPlatforms) = postSolution
		{48237948-926D-44D1-BF8C-B6672C4C34A3}.Debug|Any CPU.ActiveCfg = Debug
		{48237948-926D-44D1-BF8C-B6672C4C34A3}.Debug|Any CPU.Build.0 = Debug
		{48237948-926D-44D1-BF8C-B6672C4C34A3}.Release|Any CPU.ActiveCfg = Release
		{48237948-926D-44D1-BF8C-B6672C4C34A3}.Release|Any CPU.Build.0 = Release
		{1C37399E-59CB-4B99-BC51-1601EFB25582}.Debug|Any CPU.ActiveCfg = Debug|Any CPU
		{1C37399E-59CB-4B99-BC51-1601EFB25582}.Debug|Any CPU.Build.0 = Debug|Any CPU
		{1C37399E-59CB-4B99-BC51-1601EFB25582}.Release|Any CPU.ActiveCfg = Release|Any CPU
		{1C37399E-59CB-4B99-BC51-1601EFB25582}.Release|Any CPU.Build.0 = Release|Any CPU
		{34982C20-D011-4E6B-812E-B767C213A5A0}.Debug|Any CPU.ActiveCfg = Debug|Any CPU
		{34982C20-D011-4E6B-812E-B767C213A5A0}.Debug|Any CPU.Build.0 = Debug|Any CPU
		{34982C20-D011-4E6B-812E-B767C213A5A0}.Release|Any CPU.ActiveCfg = Release|Any CPU
		{34982C20-D011-4E6B-812E-B767C213A5A0}.Release|Any CPU.Build.0 = Release|Any CPU
	EndGlobalSection
	GlobalSection(SolutionProperties) = preSolution
		HideSolutionNode = FALSE
	EndGlobalSection
	GlobalSection(ExtensibilityGlobals) = postSolution
		SolutionGuid = {CAACB908-14C5-40C3-87A9-1B3651CDECC7}
	EndGlobalSection
EndGlobal
